// !$*UTF8*$!
{
	archiveVersion = 1;
	classes = {
	};
	objectVersion = 56;
	objects = {

/* Begin PBXBuildFile section */
		B600B1462C6DE77500D4D8D0 /* AppDelegate.swift in Sources */ = {isa = PBXBuildFile; fileRef = B600B1452C6DE77500D4D8D0 /* AppDelegate.swift */; };
		B600B1482C6DE77500D4D8D0 /* SceneDelegate.swift in Sources */ = {isa = PBXBuildFile; fileRef = B600B1472C6DE77500D4D8D0 /* SceneDelegate.swift */; };
		B600B14A2C6DE77500D4D8D0 /* HomeViewController.swift in Sources */ = {isa = PBXBuildFile; fileRef = B600B1492C6DE77500D4D8D0 /* HomeViewController.swift */; };
		B600B14D2C6DE77500D4D8D0 /* Main.storyboard in Resources */ = {isa = PBXBuildFile; fileRef = B600B14B2C6DE77500D4D8D0 /* Main.storyboard */; };
		B600B14F2C6DE77700D4D8D0 /* Assets.xcassets in Resources */ = {isa = PBXBuildFile; fileRef = B600B14E2C6DE77700D4D8D0 /* Assets.xcassets */; };
		B600B1522C6DE77700D4D8D0 /* LaunchScreen.storyboard in Resources */ = {isa = PBXBuildFile; fileRef = B600B1502C6DE77700D4D8D0 /* LaunchScreen.storyboard */; };
		B600B15A2C6DE88D00D4D8D0 /* movies.json in Resources */ = {isa = PBXBuildFile; fileRef = B600B1592C6DE88D00D4D8D0 /* movies.json */; };
		B600B1602C6DE9A400D4D8D0 /* MovieModel.swift in Sources */ = {isa = PBXBuildFile; fileRef = B600B15F2C6DE9A400D4D8D0 /* MovieModel.swift */; };
		B600B1682C6DEDAD00D4D8D0 /* MoviesViewModel.swift in Sources */ = {isa = PBXBuildFile; fileRef = B600B1672C6DEDAD00D4D8D0 /* MoviesViewModel.swift */; };
		B600B16A2C6DF90100D4D8D0 /* CategoryView.swift in Sources */ = {isa = PBXBuildFile; fileRef = B600B1692C6DF90100D4D8D0 /* CategoryView.swift */; };
		B600B16C2C6DF91E00D4D8D0 /* CategoryView.xib in Resources */ = {isa = PBXBuildFile; fileRef = B600B16B2C6DF91E00D4D8D0 /* CategoryView.xib */; };
		B600B16F2C6DFBD400D4D8D0 /* MoviesTVCell.swift in Sources */ = {isa = PBXBuildFile; fileRef = B600B16D2C6DFBD400D4D8D0 /* MoviesTVCell.swift */; };
		B600B1702C6DFBD400D4D8D0 /* MoviesTVCell.xib in Resources */ = {isa = PBXBuildFile; fileRef = B600B16E2C6DFBD400D4D8D0 /* MoviesTVCell.xib */; };
		B600B1732C6DFEBE00D4D8D0 /* MovieSectionTVCell.swift in Sources */ = {isa = PBXBuildFile; fileRef = B600B1712C6DFEBE00D4D8D0 /* MovieSectionTVCell.swift */; };
		B600B1742C6DFEBE00D4D8D0 /* MovieSectionTVCell.xib in Resources */ = {isa = PBXBuildFile; fileRef = B600B1722C6DFEBE00D4D8D0 /* MovieSectionTVCell.xib */; };
		B600B1762C6E218700D4D8D0 /* MovieDetailsViewController.swift in Sources */ = {isa = PBXBuildFile; fileRef = B600B1752C6E218700D4D8D0 /* MovieDetailsViewController.swift */; };
		B600B1782C6E4A2600D4D8D0 /* MovieListViewController.swift in Sources */ = {isa = PBXBuildFile; fileRef = B600B1772C6E4A2600D4D8D0 /* MovieListViewController.swift */; };
		B600B17A2C6E5FD400D4D8D0 /* ImageLoader.swift in Sources */ = {isa = PBXBuildFile; fileRef = B600B1792C6E5FD400D4D8D0 /* ImageLoader.swift */; };
		B600B17C2C6E634100D4D8D0 /* MovieModelTypes.swift in Sources */ = {isa = PBXBuildFile; fileRef = B600B17B2C6E634100D4D8D0 /* MovieModelTypes.swift */; };
		B600B17E2C6E65FB00D4D8D0 /* ConstantStrings.swift in Sources */ = {isa = PBXBuildFile; fileRef = B600B17D2C6E65FB00D4D8D0 /* ConstantStrings.swift */; };
		B600B1822C6E71E500D4D8D0 /* UILabel+Extension.swift in Sources */ = {isa = PBXBuildFile; fileRef = B600B1812C6E71E500D4D8D0 /* UILabel+Extension.swift */; };
		B600B1862C6E72FD00D4D8D0 /* RatingControlView.swift in Sources */ = {isa = PBXBuildFile; fileRef = B600B1852C6E72FD00D4D8D0 /* RatingControlView.swift */; };
		B625593E2C78556B001E071F /* RatingControlViewTests.swift in Sources */ = {isa = PBXBuildFile; fileRef = B625593D2C78556B001E071F /* RatingControlViewTests.swift */; };
		B62559412C7858A2001E071F /* CategoryViewTests.swift in Sources */ = {isa = PBXBuildFile; fileRef = B62559402C7858A2001E071F /* CategoryViewTests.swift */; };
		B62559452C786056001E071F /* MovieSectioncellTests.swift in Sources */ = {isa = PBXBuildFile; fileRef = B62559442C786056001E071F /* MovieSectioncellTests.swift */; };
		B62559482C7861FC001E071F /* MovieViewModelSectionTests.swift in Sources */ = {isa = PBXBuildFile; fileRef = B62559472C7861FC001E071F /* MovieViewModelSectionTests.swift */; };
		B625594A2C78648E001E071F /* MovieModelTests.swift in Sources */ = {isa = PBXBuildFile; fileRef = B62559492C78648E001E071F /* MovieModelTests.swift */; };
		B625594C2C786A7F001E071F /* MovieViewModelTests.swift in Sources */ = {isa = PBXBuildFile; fileRef = B625594B2C786A7F001E071F /* MovieViewModelTests.swift */; };
/* End PBXBuildFile section */

/* Begin PBXContainerItemProxy section */
		B62559362C784FF2001E071F /* PBXContainerItemProxy */ = {
			isa = PBXContainerItemProxy;
			containerPortal = B600B13A2C6DE77500D4D8D0 /* Project object */;
			proxyType = 1;
			remoteGlobalIDString = B600B1412C6DE77500D4D8D0;
			remoteInfo = MovieDataBase;
		};
/* End PBXContainerItemProxy section */

/* Begin PBXFileReference section */
		B600B1422C6DE77500D4D8D0 /* MovieDataBase.app */ = {isa = PBXFileReference; explicitFileType = wrapper.application; includeInIndex = 0; path = MovieDataBase.app; sourceTree = BUILT_PRODUCTS_DIR; };
		B600B1452C6DE77500D4D8D0 /* AppDelegate.swift */ = {isa = PBXFileReference; lastKnownFileType = sourcecode.swift; path = AppDelegate.swift; sourceTree = "<group>"; };
		B600B1472C6DE77500D4D8D0 /* SceneDelegate.swift */ = {isa = PBXFileReference; lastKnownFileType = sourcecode.swift; path = SceneDelegate.swift; sourceTree = "<group>"; };
		B600B1492C6DE77500D4D8D0 /* HomeViewController.swift */ = {isa = PBXFileReference; lastKnownFileType = sourcecode.swift; path = HomeViewController.swift; sourceTree = "<group>"; };
		B600B14C2C6DE77500D4D8D0 /* Base */ = {isa = PBXFileReference; lastKnownFileType = file.storyboard; name = Base; path = Base.lproj/Main.storyboard; sourceTree = "<group>"; };
		B600B14E2C6DE77700D4D8D0 /* Assets.xcassets */ = {isa = PBXFileReference; lastKnownFileType = folder.assetcatalog; path = Assets.xcassets; sourceTree = "<group>"; };
		B600B1512C6DE77700D4D8D0 /* Base */ = {isa = PBXFileReference; lastKnownFileType = file.storyboard; name = Base; path = Base.lproj/LaunchScreen.storyboard; sourceTree = "<group>"; };
		B600B1532C6DE77700D4D8D0 /* Info.plist */ = {isa = PBXFileReference; lastKnownFileType = text.plist.xml; path = Info.plist; sourceTree = "<group>"; };
		B600B1592C6DE88D00D4D8D0 /* movies.json */ = {isa = PBXFileReference; fileEncoding = 4; lastKnownFileType = text.json; path = movies.json; sourceTree = "<group>"; };
		B600B15F2C6DE9A400D4D8D0 /* MovieModel.swift */ = {isa = PBXFileReference; lastKnownFileType = sourcecode.swift; path = MovieModel.swift; sourceTree = "<group>"; };
		B600B1672C6DEDAD00D4D8D0 /* MoviesViewModel.swift */ = {isa = PBXFileReference; lastKnownFileType = sourcecode.swift; path = MoviesViewModel.swift; sourceTree = "<group>"; };
		B600B1692C6DF90100D4D8D0 /* CategoryView.swift */ = {isa = PBXFileReference; lastKnownFileType = sourcecode.swift; path = CategoryView.swift; sourceTree = "<group>"; };
		B600B16B2C6DF91E00D4D8D0 /* CategoryView.xib */ = {isa = PBXFileReference; lastKnownFileType = file.xib; path = CategoryView.xib; sourceTree = "<group>"; };
		B600B16D2C6DFBD400D4D8D0 /* MoviesTVCell.swift */ = {isa = PBXFileReference; lastKnownFileType = sourcecode.swift; path = MoviesTVCell.swift; sourceTree = "<group>"; };
		B600B16E2C6DFBD400D4D8D0 /* MoviesTVCell.xib */ = {isa = PBXFileReference; lastKnownFileType = file.xib; path = MoviesTVCell.xib; sourceTree = "<group>"; };
		B600B1712C6DFEBE00D4D8D0 /* MovieSectionTVCell.swift */ = {isa = PBXFileReference; lastKnownFileType = sourcecode.swift; path = MovieSectionTVCell.swift; sourceTree = "<group>"; };
		B600B1722C6DFEBE00D4D8D0 /* MovieSectionTVCell.xib */ = {isa = PBXFileReference; lastKnownFileType = file.xib; path = MovieSectionTVCell.xib; sourceTree = "<group>"; };
		B600B1752C6E218700D4D8D0 /* MovieDetailsViewController.swift */ = {isa = PBXFileReference; lastKnownFileType = sourcecode.swift; path = MovieDetailsViewController.swift; sourceTree = "<group>"; };
		B600B1772C6E4A2600D4D8D0 /* MovieListViewController.swift */ = {isa = PBXFileReference; lastKnownFileType = sourcecode.swift; path = MovieListViewController.swift; sourceTree = "<group>"; };
		B600B1792C6E5FD400D4D8D0 /* ImageLoader.swift */ = {isa = PBXFileReference; lastKnownFileType = sourcecode.swift; path = ImageLoader.swift; sourceTree = "<group>"; };
		B600B17B2C6E634100D4D8D0 /* MovieModelTypes.swift */ = {isa = PBXFileReference; lastKnownFileType = sourcecode.swift; path = MovieModelTypes.swift; sourceTree = "<group>"; };
		B600B17D2C6E65FB00D4D8D0 /* ConstantStrings.swift */ = {isa = PBXFileReference; lastKnownFileType = sourcecode.swift; path = ConstantStrings.swift; sourceTree = "<group>"; };
		B600B1812C6E71E500D4D8D0 /* UILabel+Extension.swift */ = {isa = PBXFileReference; lastKnownFileType = sourcecode.swift; path = "UILabel+Extension.swift"; sourceTree = "<group>"; };
		B600B1852C6E72FD00D4D8D0 /* RatingControlView.swift */ = {isa = PBXFileReference; lastKnownFileType = sourcecode.swift; path = RatingControlView.swift; sourceTree = "<group>"; };
		B62559322C784FF2001E071F /* MovieDataBaseTests.xctest */ = {isa = PBXFileReference; explicitFileType = wrapper.cfbundle; includeInIndex = 0; path = MovieDataBaseTests.xctest; sourceTree = BUILT_PRODUCTS_DIR; };
		B625593D2C78556B001E071F /* RatingControlViewTests.swift */ = {isa = PBXFileReference; lastKnownFileType = sourcecode.swift; path = RatingControlViewTests.swift; sourceTree = "<group>"; };
		B62559402C7858A2001E071F /* CategoryViewTests.swift */ = {isa = PBXFileReference; lastKnownFileType = sourcecode.swift; path = CategoryViewTests.swift; sourceTree = "<group>"; };
		B62559442C786056001E071F /* MovieSectioncellTests.swift */ = {isa = PBXFileReference; lastKnownFileType = sourcecode.swift; path = MovieSectioncellTests.swift; sourceTree = "<group>"; };
		B62559472C7861FC001E071F /* MovieViewModelSectionTests.swift */ = {isa = PBXFileReference; lastKnownFileType = sourcecode.swift; path = MovieViewModelSectionTests.swift; sourceTree = "<group>"; };
		B62559492C78648E001E071F /* MovieModelTests.swift */ = {isa = PBXFileReference; lastKnownFileType = sourcecode.swift; path = MovieModelTests.swift; sourceTree = "<group>"; };
		B625594B2C786A7F001E071F /* MovieViewModelTests.swift */ = {isa = PBXFileReference; lastKnownFileType = sourcecode.swift; path = MovieViewModelTests.swift; sourceTree = "<group>"; };
/* End PBXFileReference section */

/* Begin PBXFrameworksBuildPhase section */
		B600B13F2C6DE77500D4D8D0 /* Frameworks */ = {
			isa = PBXFrameworksBuildPhase;
			buildActionMask = 2147483647;
			files = (
			);
			runOnlyForDeploymentPostprocessing = 0;
		};
		B625592F2C784FF2001E071F /* Frameworks */ = {
			isa = PBXFrameworksBuildPhase;
			buildActionMask = 2147483647;
			files = (
			);
			runOnlyForDeploymentPostprocessing = 0;
		};
/* End PBXFrameworksBuildPhase section */

/* Begin PBXGroup section */
		B600B1392C6DE77500D4D8D0 = {
			isa = PBXGroup;
			children = (
				B600B1442C6DE77500D4D8D0 /* MovieDataBase */,
				B62559332C784FF2001E071F /* MovieDataBaseTests */,
				B600B1432C6DE77500D4D8D0 /* Products */,
			);
			sourceTree = "<group>";
		};
		B600B1432C6DE77500D4D8D0 /* Products */ = {
			isa = PBXGroup;
			children = (
				B600B1422C6DE77500D4D8D0 /* MovieDataBase.app */,
				B62559322C784FF2001E071F /* MovieDataBaseTests.xctest */,
			);
			name = Products;
			sourceTree = "<group>";
		};
		B600B1442C6DE77500D4D8D0 /* MovieDataBase */ = {
			isa = PBXGroup;
			children = (
				B600B1622C6DEBDF00D4D8D0 /* MVVM */,
				B600B1632C6DEC0F00D4D8D0 /* Application */,
				B600B1652C6DEC3B00D4D8D0 /* StoryBoards */,
				B600B14E2C6DE77700D4D8D0 /* Assets.xcassets */,
				B600B1532C6DE77700D4D8D0 /* Info.plist */,
			);
			path = MovieDataBase;
			sourceTree = "<group>";
		};
		B600B15B2C6DE8B300D4D8D0 /* Helper */ = {
			isa = PBXGroup;
			children = (
				B600B1792C6E5FD400D4D8D0 /* ImageLoader.swift */,
			);
			path = Helper;
			sourceTree = "<group>";
		};
		B600B15C2C6DE8C200D4D8D0 /* View */ = {
			isa = PBXGroup;
			children = (
				B600B1842C6E72ED00D4D8D0 /* CustomViews */,
				B600B1832C6E72C300D4D8D0 /* Cells */,
			);
			path = View;
			sourceTree = "<group>";
		};
		B600B15D2C6DE8D500D4D8D0 /* ViewModel */ = {
			isa = PBXGroup;
			children = (
				B600B1672C6DEDAD00D4D8D0 /* MoviesViewModel.swift */,
			);
			path = ViewModel;
			sourceTree = "<group>";
		};
		B600B15E2C6DE8DF00D4D8D0 /* Model */ = {
			isa = PBXGroup;
			children = (
				B600B17B2C6E634100D4D8D0 /* MovieModelTypes.swift */,
				B600B15F2C6DE9A400D4D8D0 /* MovieModel.swift */,
			);
			path = Model;
			sourceTree = "<group>";
		};
		B600B1612C6DEBD000D4D8D0 /* ViewControllers */ = {
			isa = PBXGroup;
			children = (
				B600B1492C6DE77500D4D8D0 /* HomeViewController.swift */,
				B600B1752C6E218700D4D8D0 /* MovieDetailsViewController.swift */,
				B600B1772C6E4A2600D4D8D0 /* MovieListViewController.swift */,
			);
			path = ViewControllers;
			sourceTree = "<group>";
		};
		B600B1622C6DEBDF00D4D8D0 /* MVVM */ = {
			isa = PBXGroup;
			children = (
				B600B15B2C6DE8B300D4D8D0 /* Helper */,
				B600B15C2C6DE8C200D4D8D0 /* View */,
				B600B15D2C6DE8D500D4D8D0 /* ViewModel */,
				B600B15E2C6DE8DF00D4D8D0 /* Model */,
				B600B1612C6DEBD000D4D8D0 /* ViewControllers */,
			);
			path = MVVM;
			sourceTree = "<group>";
		};
		B600B1632C6DEC0F00D4D8D0 /* Application */ = {
			isa = PBXGroup;
			children = (
				B600B1662C6DEC4A00D4D8D0 /* Utility */,
				B600B1642C6DEC1900D4D8D0 /* AppDelegates */,
			);
			path = Application;
			sourceTree = "<group>";
		};
		B600B1642C6DEC1900D4D8D0 /* AppDelegates */ = {
			isa = PBXGroup;
			children = (
				B600B1452C6DE77500D4D8D0 /* AppDelegate.swift */,
				B600B1472C6DE77500D4D8D0 /* SceneDelegate.swift */,
			);
			path = AppDelegates;
			sourceTree = "<group>";
		};
		B600B1652C6DEC3B00D4D8D0 /* StoryBoards */ = {
			isa = PBXGroup;
			children = (
				B600B1502C6DE77700D4D8D0 /* LaunchScreen.storyboard */,
				B600B14B2C6DE77500D4D8D0 /* Main.storyboard */,
			);
			path = StoryBoards;
			sourceTree = "<group>";
		};
		B600B1662C6DEC4A00D4D8D0 /* Utility */ = {
			isa = PBXGroup;
			children = (
				B600B1802C6E71BA00D4D8D0 /* Constants */,
				B600B17F2C6E71B000D4D8D0 /* Extensions */,
			);
			path = Utility;
			sourceTree = "<group>";
		};
		B600B17F2C6E71B000D4D8D0 /* Extensions */ = {
			isa = PBXGroup;
			children = (
				B600B1812C6E71E500D4D8D0 /* UILabel+Extension.swift */,
			);
			path = Extensions;
			sourceTree = "<group>";
		};
		B600B1802C6E71BA00D4D8D0 /* Constants */ = {
			isa = PBXGroup;
			children = (
				B600B1592C6DE88D00D4D8D0 /* movies.json */,
				B600B17D2C6E65FB00D4D8D0 /* ConstantStrings.swift */,
			);
			path = Constants;
			sourceTree = "<group>";
		};
		B600B1832C6E72C300D4D8D0 /* Cells */ = {
			isa = PBXGroup;
			children = (
				B600B1692C6DF90100D4D8D0 /* CategoryView.swift */,
				B600B16B2C6DF91E00D4D8D0 /* CategoryView.xib */,
				B600B16D2C6DFBD400D4D8D0 /* MoviesTVCell.swift */,
				B600B16E2C6DFBD400D4D8D0 /* MoviesTVCell.xib */,
				B600B1712C6DFEBE00D4D8D0 /* MovieSectionTVCell.swift */,
				B600B1722C6DFEBE00D4D8D0 /* MovieSectionTVCell.xib */,
			);
			path = Cells;
			sourceTree = "<group>";
		};
		B600B1842C6E72ED00D4D8D0 /* CustomViews */ = {
			isa = PBXGroup;
			children = (
				B600B1852C6E72FD00D4D8D0 /* RatingControlView.swift */,
			);
			path = CustomViews;
			sourceTree = "<group>";
		};
		B62559332C784FF2001E071F /* MovieDataBaseTests */ = {
			isa = PBXGroup;
			children = (
				B625594E2C786F7D001E071F /* Helper */,
				B625594D2C786F6F001E071F /* ViewModel */,
				B62559462C7861E7001E071F /* Models */,
				B625593F2C78588F001E071F /* Cells */,
			);
			path = MovieDataBaseTests;
			sourceTree = "<group>";
		};
		B625593F2C78588F001E071F /* Cells */ = {
			isa = PBXGroup;
			children = (
				B62559402C7858A2001E071F /* CategoryViewTests.swift */,
				B62559442C786056001E071F /* MovieSectioncellTests.swift */,
			);
			path = Cells;
			sourceTree = "<group>";
		};
		B62559462C7861E7001E071F /* Models */ = {
			isa = PBXGroup;
			children = (
				B62559472C7861FC001E071F /* MovieViewModelSectionTests.swift */,
				B62559492C78648E001E071F /* MovieModelTests.swift */,
			);
			path = Models;
			sourceTree = "<group>";
		};
		B625594D2C786F6F001E071F /* ViewModel */ = {
			isa = PBXGroup;
			children = (
				B625594B2C786A7F001E071F /* MovieViewModelTests.swift */,
			);
			path = ViewModel;
			sourceTree = "<group>";
		};
		B625594E2C786F7D001E071F /* Helper */ = {
			isa = PBXGroup;
			children = (
				B625593D2C78556B001E071F /* RatingControlViewTests.swift */,
			);
			path = Helper;
			sourceTree = "<group>";
		};
/* End PBXGroup section */

/* Begin PBXNativeTarget section */
		B600B1412C6DE77500D4D8D0 /* MovieDataBase */ = {
			isa = PBXNativeTarget;
			buildConfigurationList = B600B1562C6DE77700D4D8D0 /* Build configuration list for PBXNativeTarget "MovieDataBase" */;
			buildPhases = (
				B600B13E2C6DE77500D4D8D0 /* Sources */,
				B600B13F2C6DE77500D4D8D0 /* Frameworks */,
				B600B1402C6DE77500D4D8D0 /* Resources */,
			);
			buildRules = (
			);
			dependencies = (
			);
			name = MovieDataBase;
			productName = MovieDataBase;
			productReference = B600B1422C6DE77500D4D8D0 /* MovieDataBase.app */;
			productType = "com.apple.product-type.application";
		};
		B62559312C784FF2001E071F /* MovieDataBaseTests */ = {
			isa = PBXNativeTarget;
			buildConfigurationList = B625593A2C784FF2001E071F /* Build configuration list for PBXNativeTarget "MovieDataBaseTests" */;
			buildPhases = (
				B625592E2C784FF2001E071F /* Sources */,
				B625592F2C784FF2001E071F /* Frameworks */,
				B62559302C784FF2001E071F /* Resources */,
			);
			buildRules = (
			);
			dependencies = (
				B62559372C784FF2001E071F /* PBXTargetDependency */,
			);
			name = MovieDataBaseTests;
			productName = MovieDataBaseTests;
			productReference = B62559322C784FF2001E071F /* MovieDataBaseTests.xctest */;
			productType = "com.apple.product-type.bundle.unit-test";
		};
/* End PBXNativeTarget section */

/* Begin PBXProject section */
		B600B13A2C6DE77500D4D8D0 /* Project object */ = {
			isa = PBXProject;
			attributes = {
				BuildIndependentTargetsInParallel = 1;
				LastSwiftUpdateCheck = 1510;
				LastUpgradeCheck = 1510;
				TargetAttributes = {
					B600B1412C6DE77500D4D8D0 = {
						CreatedOnToolsVersion = 15.1;
					};
					B62559312C784FF2001E071F = {
						CreatedOnToolsVersion = 15.1;
						TestTargetID = B600B1412C6DE77500D4D8D0;
					};
				};
			};
			buildConfigurationList = B600B13D2C6DE77500D4D8D0 /* Build configuration list for PBXProject "MovieDataBase" */;
			compatibilityVersion = "Xcode 14.0";
			developmentRegion = en;
			hasScannedForEncodings = 0;
			knownRegions = (
				en,
				Base,
			);
			mainGroup = B600B1392C6DE77500D4D8D0;
			productRefGroup = B600B1432C6DE77500D4D8D0 /* Products */;
			projectDirPath = "";
			projectRoot = "";
			targets = (
				B600B1412C6DE77500D4D8D0 /* MovieDataBase */,
				B62559312C784FF2001E071F /* MovieDataBaseTests */,
			);
		};
/* End PBXProject section */

/* Begin PBXResourcesBuildPhase section */
		B600B1402C6DE77500D4D8D0 /* Resources */ = {
			isa = PBXResourcesBuildPhase;
			buildActionMask = 2147483647;
			files = (
				B600B1522C6DE77700D4D8D0 /* LaunchScreen.storyboard in Resources */,
				B600B14F2C6DE77700D4D8D0 /* Assets.xcassets in Resources */,
				B600B16C2C6DF91E00D4D8D0 /* CategoryView.xib in Resources */,
				B600B15A2C6DE88D00D4D8D0 /* movies.json in Resources */,
				B600B1702C6DFBD400D4D8D0 /* MoviesTVCell.xib in Resources */,
				B600B1742C6DFEBE00D4D8D0 /* MovieSectionTVCell.xib in Resources */,
				B600B14D2C6DE77500D4D8D0 /* Main.storyboard in Resources */,
			);
			runOnlyForDeploymentPostprocessing = 0;
		};
		B62559302C784FF2001E071F /* Resources */ = {
			isa = PBXResourcesBuildPhase;
			buildActionMask = 2147483647;
			files = (
			);
			runOnlyForDeploymentPostprocessing = 0;
		};
/* End PBXResourcesBuildPhase section */

/* Begin PBXSourcesBuildPhase section */
		B600B13E2C6DE77500D4D8D0 /* Sources */ = {
			isa = PBXSourcesBuildPhase;
			buildActionMask = 2147483647;
			files = (
				B600B1602C6DE9A400D4D8D0 /* MovieModel.swift in Sources */,
				B600B1862C6E72FD00D4D8D0 /* RatingControlView.swift in Sources */,
				B600B1782C6E4A2600D4D8D0 /* MovieListViewController.swift in Sources */,
				B600B17E2C6E65FB00D4D8D0 /* ConstantStrings.swift in Sources */,
				B600B14A2C6DE77500D4D8D0 /* HomeViewController.swift in Sources */,
				B600B1762C6E218700D4D8D0 /* MovieDetailsViewController.swift in Sources */,
				B600B1732C6DFEBE00D4D8D0 /* MovieSectionTVCell.swift in Sources */,
				B600B17A2C6E5FD400D4D8D0 /* ImageLoader.swift in Sources */,
				B600B17C2C6E634100D4D8D0 /* MovieModelTypes.swift in Sources */,
				B600B16A2C6DF90100D4D8D0 /* CategoryView.swift in Sources */,
				B600B1462C6DE77500D4D8D0 /* AppDelegate.swift in Sources */,
				B600B1822C6E71E500D4D8D0 /* UILabel+Extension.swift in Sources */,
				B600B1482C6DE77500D4D8D0 /* SceneDelegate.swift in Sources */,
				B600B1682C6DEDAD00D4D8D0 /* MoviesViewModel.swift in Sources */,
				B600B16F2C6DFBD400D4D8D0 /* MoviesTVCell.swift in Sources */,
			);
			runOnlyForDeploymentPostprocessing = 0;
		};
		B625592E2C784FF2001E071F /* Sources */ = {
			isa = PBXSourcesBuildPhase;
			buildActionMask = 2147483647;
			files = (
				B625593E2C78556B001E071F /* RatingControlViewTests.swift in Sources */,
				B62559412C7858A2001E071F /* CategoryViewTests.swift in Sources */,
				B625594A2C78648E001E071F /* MovieModelTests.swift in Sources */,
				B62559452C786056001E071F /* MovieSectioncellTests.swift in Sources */,
				B62559482C7861FC001E071F /* MovieViewModelSectionTests.swift in Sources */,
				B625594C2C786A7F001E071F /* MovieViewModelTests.swift in Sources */,
			);
			runOnlyForDeploymentPostprocessing = 0;
		};
/* End PBXSourcesBuildPhase section */

/* Begin PBXTargetDependency section */
		B62559372C784FF2001E071F /* PBXTargetDependency */ = {
			isa = PBXTargetDependency;
			target = B600B1412C6DE77500D4D8D0 /* MovieDataBase */;
			targetProxy = B62559362C784FF2001E071F /* PBXContainerItemProxy */;
		};
/* End PBXTargetDependency section */

/* Begin PBXVariantGroup section */
		B600B14B2C6DE77500D4D8D0 /* Main.storyboard */ = {
			isa = PBXVariantGroup;
			children = (
				B600B14C2C6DE77500D4D8D0 /* Base */,
			);
			name = Main.storyboard;
			sourceTree = "<group>";
		};
		B600B1502C6DE77700D4D8D0 /* LaunchScreen.storyboard */ = {
			isa = PBXVariantGroup;
			children = (
				B600B1512C6DE77700D4D8D0 /* Base */,
			);
			name = LaunchScreen.storyboard;
			sourceTree = "<group>";
		};
/* End PBXVariantGroup section */

/* Begin XCBuildConfiguration section */
		B600B1542C6DE77700D4D8D0 /* Debug */ = {
			isa = XCBuildConfiguration;
			buildSettings = {
				ALWAYS_SEARCH_USER_PATHS = NO;
				ASSETCATALOG_COMPILER_GENERATE_SWIFT_ASSET_SYMBOL_EXTENSIONS = YES;
				CLANG_ANALYZER_NONNULL = YES;
				CLANG_ANALYZER_NUMBER_OBJECT_CONVERSION = YES_AGGRESSIVE;
				CLANG_CXX_LANGUAGE_STANDARD = "gnu++20";
				CLANG_ENABLE_MODULES = YES;
				CLANG_ENABLE_OBJC_ARC = YES;
				CLANG_ENABLE_OBJC_WEAK = YES;
				CLANG_WARN_BLOCK_CAPTURE_AUTORELEASING = YES;
				CLANG_WARN_BOOL_CONVERSION = YES;
				CLANG_WARN_COMMA = YES;
				CLANG_WARN_CONSTANT_CONVERSION = YES;
				CLANG_WARN_DEPRECATED_OBJC_IMPLEMENTATIONS = YES;
				CLANG_WARN_DIRECT_OBJC_ISA_USAGE = YES_ERROR;
				CLANG_WARN_DOCUMENTATION_COMMENTS = YES;
				CLANG_WARN_EMPTY_BODY = YES;
				CLANG_WARN_ENUM_CONVERSION = YES;
				CLANG_WARN_INFINITE_RECURSION = YES;
				CLANG_WARN_INT_CONVERSION = YES;
				CLANG_WARN_NON_LITERAL_NULL_CONVERSION = YES;
				CLANG_WARN_OBJC_IMPLICIT_RETAIN_SELF = YES;
				CLANG_WARN_OBJC_LITERAL_CONVERSION = YES;
				CLANG_WARN_OBJC_ROOT_CLASS = YES_ERROR;
				CLANG_WARN_QUOTED_INCLUDE_IN_FRAMEWORK_HEADER = YES;
				CLANG_WARN_RANGE_LOOP_ANALYSIS = YES;
				CLANG_WARN_STRICT_PROTOTYPES = YES;
				CLANG_WARN_SUSPICIOUS_MOVE = YES;
				CLANG_WARN_UNGUARDED_AVAILABILITY = YES_AGGRESSIVE;
				CLANG_WARN_UNREACHABLE_CODE = YES;
				CLANG_WARN__DUPLICATE_METHOD_MATCH = YES;
				COPY_PHASE_STRIP = NO;
				DEBUG_INFORMATION_FORMAT = dwarf;
				ENABLE_STRICT_OBJC_MSGSEND = YES;
				ENABLE_TESTABILITY = YES;
				ENABLE_USER_SCRIPT_SANDBOXING = YES;
				GCC_C_LANGUAGE_STANDARD = gnu17;
				GCC_DYNAMIC_NO_PIC = NO;
				GCC_NO_COMMON_BLOCKS = YES;
				GCC_OPTIMIZATION_LEVEL = 0;
				GCC_PREPROCESSOR_DEFINITIONS = (
					"DEBUG=1",
					"$(inherited)",
				);
				GCC_WARN_64_TO_32_BIT_CONVERSION = YES;
				GCC_WARN_ABOUT_RETURN_TYPE = YES_ERROR;
				GCC_WARN_UNDECLARED_SELECTOR = YES;
				GCC_WARN_UNINITIALIZED_AUTOS = YES_AGGRESSIVE;
				GCC_WARN_UNUSED_FUNCTION = YES;
				GCC_WARN_UNUSED_VARIABLE = YES;
				IPHONEOS_DEPLOYMENT_TARGET = 17.2;
				LOCALIZATION_PREFERS_STRING_CATALOGS = YES;
				MTL_ENABLE_DEBUG_INFO = INCLUDE_SOURCE;
				MTL_FAST_MATH = YES;
				ONLY_ACTIVE_ARCH = YES;
				SDKROOT = iphoneos;
				SWIFT_ACTIVE_COMPILATION_CONDITIONS = "DEBUG $(inherited)";
				SWIFT_OPTIMIZATION_LEVEL = "-Onone";
			};
			name = Debug;
		};
		B600B1552C6DE77700D4D8D0 /* Release */ = {
			isa = XCBuildConfiguration;
			buildSettings = {
				ALWAYS_SEARCH_USER_PATHS = NO;
				ASSETCATALOG_COMPILER_GENERATE_SWIFT_ASSET_SYMBOL_EXTENSIONS = YES;
				CLANG_ANALYZER_NONNULL = YES;
				CLANG_ANALYZER_NUMBER_OBJECT_CONVERSION = YES_AGGRESSIVE;
				CLANG_CXX_LANGUAGE_STANDARD = "gnu++20";
				CLANG_ENABLE_MODULES = YES;
				CLANG_ENABLE_OBJC_ARC = YES;
				CLANG_ENABLE_OBJC_WEAK = YES;
				CLANG_WARN_BLOCK_CAPTURE_AUTORELEASING = YES;
				CLANG_WARN_BOOL_CONVERSION = YES;
				CLANG_WARN_COMMA = YES;
				CLANG_WARN_CONSTANT_CONVERSION = YES;
				CLANG_WARN_DEPRECATED_OBJC_IMPLEMENTATIONS = YES;
				CLANG_WARN_DIRECT_OBJC_ISA_USAGE = YES_ERROR;
				CLANG_WARN_DOCUMENTATION_COMMENTS = YES;
				CLANG_WARN_EMPTY_BODY = YES;
				CLANG_WARN_ENUM_CONVERSION = YES;
				CLANG_WARN_INFINITE_RECURSION = YES;
				CLANG_WARN_INT_CONVERSION = YES;
				CLANG_WARN_NON_LITERAL_NULL_CONVERSION = YES;
				CLANG_WARN_OBJC_IMPLICIT_RETAIN_SELF = YES;
				CLANG_WARN_OBJC_LITERAL_CONVERSION = YES;
				CLANG_WARN_OBJC_ROOT_CLASS = YES_ERROR;
				CLANG_WARN_QUOTED_INCLUDE_IN_FRAMEWORK_HEADER = YES;
				CLANG_WARN_RANGE_LOOP_ANALYSIS = YES;
				CLANG_WARN_STRICT_PROTOTYPES = YES;
				CLANG_WARN_SUSPICIOUS_MOVE = YES;
				CLANG_WARN_UNGUARDED_AVAILABILITY = YES_AGGRESSIVE;
				CLANG_WARN_UNREACHABLE_CODE = YES;
				CLANG_WARN__DUPLICATE_METHOD_MATCH = YES;
				COPY_PHASE_STRIP = NO;
				DEBUG_INFORMATION_FORMAT = "dwarf-with-dsym";
				ENABLE_NS_ASSERTIONS = NO;
				ENABLE_STRICT_OBJC_MSGSEND = YES;
				ENABLE_USER_SCRIPT_SANDBOXING = YES;
				GCC_C_LANGUAGE_STANDARD = gnu17;
				GCC_NO_COMMON_BLOCKS = YES;
				GCC_WARN_64_TO_32_BIT_CONVERSION = YES;
				GCC_WARN_ABOUT_RETURN_TYPE = YES_ERROR;
				GCC_WARN_UNDECLARED_SELECTOR = YES;
				GCC_WARN_UNINITIALIZED_AUTOS = YES_AGGRESSIVE;
				GCC_WARN_UNUSED_FUNCTION = YES;
				GCC_WARN_UNUSED_VARIABLE = YES;
				IPHONEOS_DEPLOYMENT_TARGET = 17.2;
				LOCALIZATION_PREFERS_STRING_CATALOGS = YES;
				MTL_ENABLE_DEBUG_INFO = NO;
				MTL_FAST_MATH = YES;
				SDKROOT = iphoneos;
				SWIFT_COMPILATION_MODE = wholemodule;
				VALIDATE_PRODUCT = YES;
			};
			name = Release;
		};
		B600B1572C6DE77700D4D8D0 /* Debug */ = {
			isa = XCBuildConfiguration;
			buildSettings = {
				ASSETCATALOG_COMPILER_APPICON_NAME = AppIcon;
				ASSETCATALOG_COMPILER_GLOBAL_ACCENT_COLOR_NAME = AccentColor;
				CODE_SIGN_STYLE = Automatic;
				CURRENT_PROJECT_VERSION = 1;
				GENERATE_INFOPLIST_FILE = YES;
				INFOPLIST_FILE = MovieDataBase/Info.plist;
				INFOPLIST_KEY_CFBundleDisplayName = Movie;
				INFOPLIST_KEY_UIApplicationSupportsIndirectInputEvents = YES;
				INFOPLIST_KEY_UILaunchStoryboardName = LaunchScreen;
				INFOPLIST_KEY_UIMainStoryboardFile = Main;
				INFOPLIST_KEY_UISupportedInterfaceOrientations = UIInterfaceOrientationPortrait;
				IPHONEOS_DEPLOYMENT_TARGET = 15.0;
				LD_RUNPATH_SEARCH_PATHS = (
					"$(inherited)",
					"@executable_path/Frameworks",
				);
				MARKETING_VERSION = 1.0;
				PRODUCT_BUNDLE_IDENTIFIER = com.googleads.test.MovieDataBase;
				PRODUCT_NAME = "$(TARGET_NAME)";
				SUPPORTED_PLATFORMS = "iphoneos iphonesimulator";
				SUPPORTS_MACCATALYST = NO;
				SUPPORTS_MAC_DESIGNED_FOR_IPHONE_IPAD = NO;
				SWIFT_EMIT_LOC_STRINGS = YES;
				SWIFT_VERSION = 5.0;
				TARGETED_DEVICE_FAMILY = "1,2";
			};
			name = Debug;
		};
		B600B1582C6DE77700D4D8D0 /* Release */ = {
			isa = XCBuildConfiguration;
			buildSettings = {
				ASSETCATALOG_COMPILER_APPICON_NAME = AppIcon;
				ASSETCATALOG_COMPILER_GLOBAL_ACCENT_COLOR_NAME = AccentColor;
				CODE_SIGN_STYLE = Automatic;
				CURRENT_PROJECT_VERSION = 1;
				GENERATE_INFOPLIST_FILE = YES;
				INFOPLIST_FILE = MovieDataBase/Info.plist;
				INFOPLIST_KEY_CFBundleDisplayName = Movie;
				INFOPLIST_KEY_UIApplicationSupportsIndirectInputEvents = YES;
				INFOPLIST_KEY_UILaunchStoryboardName = LaunchScreen;
				INFOPLIST_KEY_UIMainStoryboardFile = Main;
				INFOPLIST_KEY_UISupportedInterfaceOrientations = UIInterfaceOrientationPortrait;
				IPHONEOS_DEPLOYMENT_TARGET = 15.0;
				LD_RUNPATH_SEARCH_PATHS = (
					"$(inherited)",
					"@executable_path/Frameworks",
				);
				MARKETING_VERSION = 1.0;
				PRODUCT_BUNDLE_IDENTIFIER = com.googleads.test.MovieDataBase;
				PRODUCT_NAME = "$(TARGET_NAME)";
				SUPPORTED_PLATFORMS = "iphoneos iphonesimulator";
				SUPPORTS_MACCATALYST = NO;
				SUPPORTS_MAC_DESIGNED_FOR_IPHONE_IPAD = NO;
				SWIFT_EMIT_LOC_STRINGS = YES;
				SWIFT_VERSION = 5.0;
				TARGETED_DEVICE_FAMILY = "1,2";
			};
			name = Release;
		};
		B62559382C784FF2001E071F /* Debug */ = {
			isa = XCBuildConfiguration;
			buildSettings = {
				BUNDLE_LOADER = "$(TEST_HOST)";
				CODE_SIGN_STYLE = Automatic;
				CURRENT_PROJECT_VERSION = 1;
				GENERATE_INFOPLIST_FILE = YES;
				MARKETING_VERSION = 1.0;
				PRODUCT_BUNDLE_IDENTIFIER = com.googleads.test.MovieDataBaseTests;
				PRODUCT_NAME = "$(TARGET_NAME)";
				SWIFT_EMIT_LOC_STRINGS = NO;
				SWIFT_VERSION = 5.0;
				TARGETED_DEVICE_FAMILY = "1,2";
				TEST_HOST = "$(BUILT_PRODUCTS_DIR)/MovieDataBase.app/$(BUNDLE_EXECUTABLE_FOLDER_PATH)/MovieDataBase";
			};
			name = Debug;
		};
		B62559392C784FF2001E071F /* Release */ = {
			isa = XCBuildConfiguration;
			buildSettings = {
				BUNDLE_LOADER = "$(TEST_HOST)";
				CODE_SIGN_STYLE = Automatic;
				CURRENT_PROJECT_VERSION = 1;
				GENERATE_INFOPLIST_FILE = YES;
				MARKETING_VERSION = 1.0;
				PRODUCT_BUNDLE_IDENTIFIER = com.googleads.test.MovieDataBaseTests;
				PRODUCT_NAME = "$(TARGET_NAME)";
				SWIFT_EMIT_LOC_STRINGS = NO;
				SWIFT_VERSION = 5.0;
				TARGETED_DEVICE_FAMILY = "1,2";
				TEST_HOST = "$(BUILT_PRODUCTS_DIR)/MovieDataBase.app/$(BUNDLE_EXECUTABLE_FOLDER_PATH)/MovieDataBase";
			};
			name = Release;
		};
/* End XCBuildConfiguration section */

/* Begin XCConfigurationList section */
		B600B13D2C6DE77500D4D8D0 /* Build configuration list for PBXProject "MovieDataBase" */ = {
			isa = XCConfigurationList;
			buildConfigurations = (
				B600B1542C6DE77700D4D8D0 /* Debug */,
				B600B1552C6DE77700D4D8D0 /* Release */,
			);
			defaultConfigurationIsVisible = 0;
			defaultConfigurationName = Release;
		};
		B600B1562C6DE77700D4D8D0 /* Build configuration list for PBXNativeTarget "MovieDataBase" */ = {
			isa = XCConfigurationList;
			buildConfigurations = (
				B600B1572C6DE77700D4D8D0 /* Debug */,
				B600B1582C6DE77700D4D8D0 /* Release */,
			);
			defaultConfigurationIsVisible = 0;
			defaultConfigurationName = Release;
		};
		B625593A2C784FF2001E071F /* Build configuration list for PBXNativeTarget "MovieDataBaseTests" */ = {
			isa = XCConfigurationList;
			buildConfigurations = (
				B62559382C784FF2001E071F /* Debug */,
				B62559392C784FF2001E071F /* Release */,
			);
			defaultConfigurationIsVisible = 0;
			defaultConfigurationName = Release;
		};
/* End XCConfigurationList section */
	};
	rootObject = B600B13A2C6DE77500D4D8D0 /* Project object */;
}
